
Microsoft Visual Studio Solution File, Format Version 12.00
# Visual Studio Version 17
VisualStudioVersion = 17.5.002.0
MinimumVisualStudioVersion = 10.0.40219.1
Project("{9A19103F-16F7-4668-BE54-9A1E7A4F7556}") = "BackgroundMetiatR", "BackgroundMetiatR.csproj", "{F4D5C0DD-F98F-4322-84A6-B90B4B484C90}"
EndProject
Global
	GlobalSection(SolutionConfigurationPlatforms) = preSolution
		Debug|Any CPU = Debug|Any CPU
		Release|Any CPU = Release|Any CPU
	EndGlobalSection
	GlobalSection(ProjectConfigurationPlatforms) = postSolution
		{F4D5C0DD-F98F-4322-84A6-B90B4B484C90}.Debug|Any CPU.ActiveCfg = Debug|Any CPU
		{F4D5C0DD-F98F-4322-84A6-B90B4B484C90}.Debug|Any CPU.Build.0 = Debug|Any CPU
		{F4D5C0DD-F98F-4322-84A6-B90B4B484C90}.Release|Any CPU.ActiveCfg = Release|Any CPU
		{F4D5C0DD-F98F-4322-84A6-B90B4B484C90}.Release|Any CPU.Build.0 = Release|Any CPU
	EndGlobalSection
	GlobalSection(SolutionProperties) = preSolution
		HideSolutionNode = FALSE
	EndGlobalSection
	GlobalSection(ExtensibilityGlobals) = postSolution
		SolutionGuid = {36C04AA4-EEC1-4D96-A9A4-C5B15E0EF648}
	EndGlobalSection
EndGlobal
